// !$*UTF8*$!
{
	archiveVersion = 1;
	classes = {
	};
	objectVersion = 48;
	objects = {

/* Begin PBXBuildFile section */
		3B08F22F205ADFB500028DFF /* AppDelegate.swift in Sources */ = {isa = PBXBuildFile; fileRef = 3B08F22E205ADFB500028DFF /* AppDelegate.swift */; };
		3B08F234205ADFB500028DFF /* Main.storyboard in Resources */ = {isa = PBXBuildFile; fileRef = 3B08F232205ADFB500028DFF /* Main.storyboard */; };
		3B08F236205ADFB500028DFF /* Assets.xcassets in Resources */ = {isa = PBXBuildFile; fileRef = 3B08F235205ADFB500028DFF /* Assets.xcassets */; };
		3B08F239205ADFB500028DFF /* LaunchScreen.storyboard in Resources */ = {isa = PBXBuildFile; fileRef = 3B08F237205ADFB500028DFF /* LaunchScreen.storyboard */; };
		3B08F242205AE84C00028DFF /* LampViewController.swift in Sources */ = {isa = PBXBuildFile; fileRef = 3B08F241205AE84C00028DFF /* LampViewController.swift */; };
		3B08F244205AE85800028DFF /* WishViewController.swift in Sources */ = {isa = PBXBuildFile; fileRef = 3B08F243205AE85800028DFF /* WishViewController.swift */; };
		3B08F246205AE86000028DFF /* GiftViewController.swift in Sources */ = {isa = PBXBuildFile; fileRef = 3B08F245205AE86000028DFF /* GiftViewController.swift */; };
/* End PBXBuildFile section */

/* Begin PBXFileReference section */
		3B08F22B205ADFB500028DFF /* GiftGeine.app */ = {isa = PBXFileReference; explicitFileType = wrapper.application; includeInIndex = 0; path = GiftGeine.app; sourceTree = BUILT_PRODUCTS_DIR; };
		3B08F22E205ADFB500028DFF /* AppDelegate.swift */ = {isa = PBXFileReference; lastKnownFileType = sourcecode.swift; path = AppDelegate.swift; sourceTree = "<group>"; };
		3B08F233205ADFB500028DFF /* Base */ = {isa = PBXFileReference; lastKnownFileType = file.storyboard; name = Base; path = Base.lproj/Main.storyboard; sourceTree = "<group>"; };
		3B08F235205ADFB500028DFF /* Assets.xcassets */ = {isa = PBXFileReference; lastKnownFileType = folder.assetcatalog; path = Assets.xcassets; sourceTree = "<group>"; };
		3B08F238205ADFB500028DFF /* Base */ = {isa = PBXFileReference; lastKnownFileType = file.storyboard; name = Base; path = Base.lproj/LaunchScreen.storyboard; sourceTree = "<group>"; };
		3B08F23A205ADFB500028DFF /* Info.plist */ = {isa = PBXFileReference; lastKnownFileType = text.plist.xml; path = Info.plist; sourceTree = "<group>"; };
		3B08F241205AE84C00028DFF /* LampViewController.swift */ = {isa = PBXFileReference; lastKnownFileType = sourcecode.swift; path = LampViewController.swift; sourceTree = "<group>"; };
		3B08F243205AE85800028DFF /* WishViewController.swift */ = {isa = PBXFileReference; lastKnownFileType = sourcecode.swift; path = WishViewController.swift; sourceTree = "<group>"; };
		3B08F245205AE86000028DFF /* GiftViewController.swift */ = {isa = PBXFileReference; lastKnownFileType = sourcecode.swift; path = GiftViewController.swift; sourceTree = "<group>"; };
/* End PBXFileReference section */

/* Begin PBXFrameworksBuildPhase section */
		3B08F228205ADFB500028DFF /* Frameworks */ = {
			isa = PBXFrameworksBuildPhase;
			buildActionMask = 2147483647;
			files = (
			);
			runOnlyForDeploymentPostprocessing = 0;
		};
/* End PBXFrameworksBuildPhase section */

/* Begin PBXGroup section */
		3B08F222205ADFB500028DFF = {
			isa = PBXGroup;
			children = (
				3B08F22D205ADFB500028DFF /* GiftGeine */,
				3B08F22C205ADFB500028DFF /* Products */,
			);
			sourceTree = "<group>";
		};
		3B08F22C205ADFB500028DFF /* Products */ = {
			isa = PBXGroup;
			children = (
				3B08F22B205ADFB500028DFF /* GiftGeine.app */,
			);
			name = Products;
			sourceTree = "<group>";
		};
		3B08F22D205ADFB500028DFF /* GiftGeine */ = {
			isa = PBXGroup;
			children = (
				3B08F232205ADFB500028DFF /* Main.storyboard */,
				3B08F241205AE84C00028DFF /* LampViewController.swift */,
				3B08F243205AE85800028DFF /* WishViewController.swift */,
				3B08F245205AE86000028DFF /* GiftViewController.swift */,
				3B08F240205AE80000028DFF /* Resources */,
			);
			path = GiftGeine;
			sourceTree = "<group>";
		};
		3B08F240205AE80000028DFF /* Resources */ = {
			isa = PBXGroup;
			children = (
				3B08F22E205ADFB500028DFF /* AppDelegate.swift */,
				3B08F235205ADFB500028DFF /* Assets.xcassets */,
				3B08F237205ADFB500028DFF /* LaunchScreen.storyboard */,
				3B08F23A205ADFB500028DFF /* Info.plist */,
			);
			path = Resources;
			sourceTree = "<group>";
		};
/* End PBXGroup section */

/* Begin PBXNativeTarget section */
		3B08F22A205ADFB500028DFF /* GiftGeine */ = {
			isa = PBXNativeTarget;
			buildConfigurationList = 3B08F23D205ADFB600028DFF /* Build configuration list for PBXNativeTarget "GiftGeine" */;
			buildPhases = (
				3B08F227205ADFB500028DFF /* Sources */,
				3B08F228205ADFB500028DFF /* Frameworks */,
				3B08F229205ADFB500028DFF /* Resources */,
			);
			buildRules = (
			);
			dependencies = (
			);
			name = GiftGeine;
			productName = GiftGeine;
			productReference = 3B08F22B205ADFB500028DFF /* GiftGeine.app */;
			productType = "com.apple.product-type.application";
		};
/* End PBXNativeTarget section */

/* Begin PBXProject section */
		3B08F223205ADFB500028DFF /* Project object */ = {
			isa = PBXProject;
			attributes = {
				LastSwiftUpdateCheck = 0920;
				LastUpgradeCheck = 0920;
				ORGANIZATIONNAME = JfMetcalf;
				TargetAttributes = {
					3B08F22A205ADFB500028DFF = {
						CreatedOnToolsVersion = 9.2;
						ProvisioningStyle = Automatic;
					};
				};
			};
			buildConfigurationList = 3B08F226205ADFB500028DFF /* Build configuration list for PBXProject "GiftGeine" */;
			compatibilityVersion = "Xcode 8.0";
			developmentRegion = en;
			hasScannedForEncodings = 0;
			knownRegions = (
				en,
				Base,
			);
			mainGroup = 3B08F222205ADFB500028DFF;
			productRefGroup = 3B08F22C205ADFB500028DFF /* Products */;
			projectDirPath = "";
			projectRoot = "";
			targets = (
				3B08F22A205ADFB500028DFF /* GiftGeine */,
			);
		};
/* End PBXProject section */

/* Begin PBXResourcesBuildPhase section */
		3B08F229205ADFB500028DFF /* Resources */ = {
			isa = PBXResourcesBuildPhase;
			buildActionMask = 2147483647;
			files = (
				3B08F239205ADFB500028DFF /* LaunchScreen.storyboard in Resources */,
				3B08F236205ADFB500028DFF /* Assets.xcassets in Resources */,
				3B08F234205ADFB500028DFF /* Main.storyboard in Resources */,
			);
			runOnlyForDeploymentPostprocessing = 0;
		};
/* End PBXResourcesBuildPhase section */

/* Begin PBXSourcesBuildPhase section */
		3B08F227205ADFB500028DFF /* Sources */ = {
			isa = PBXSourcesBuildPhase;
			buildActionMask = 2147483647;
			files = (
				3B08F246205AE86000028DFF /* GiftViewController.swift in Sources */,
				3B08F242205AE84C00028DFF /* LampViewController.swift in Sources */,
				3B08F22F205ADFB500028DFF /* AppDelegate.swift in Sources */,
				3B08F244205AE85800028DFF /* WishViewController.swift in Sources */,
			);
			runOnlyForDeploymentPostprocessing = 0;
		};
/* End PBXSourcesBuildPhase section */

/* Begin PBXVariantGroup section */
		3B08F232205ADFB500028DFF /* Main.storyboard */ = {
			isa = PBXVariantGroup;
			children = (
				3B08F233205ADFB500028DFF /* Base */,
			);
			name = Main.storyboard;
			sourceTree = "<group>";
		};
		3B08F237205ADFB500028DFF /* LaunchScreen.storyboard */ = {
			isa = PBXVariantGroup;
			children = (
				3B08F238205ADFB500028DFF /* Base */,
			);
			name = LaunchScreen.storyboard;
			sourceTree = "<group>";
		};
/* End PBXVariantGroup section */

/* Begin XCBuildConfiguration section */
		3B08F23B205ADFB600028DFF /* Debug */ = {
			isa = XCBuildConfiguration;
			buildSettings = {
				ALWAYS_SEARCH_USER_PATHS = NO;
				CLANG_ANALYZER_NONNULL = YES;
				CLANG_ANALYZER_NUMBER_OBJECT_CONVERSION = YES_AGGRESSIVE;
				CLANG_CXX_LANGUAGE_STANDARD = "gnu++14";
				CLANG_CXX_LIBRARY = "libc++";
				CLANG_ENABLE_MODULES = YES;
				CLANG_ENABLE_OBJC_ARC = YES;
				CLANG_WARN_BLOCK_CAPTURE_AUTORELEASING = YES;
				CLANG_WARN_BOOL_CONVERSION = YES;
				CLANG_WARN_COMMA = YES;
				CLANG_WARN_CONSTANT_CONVERSION = YES;
				CLANG_WARN_DIRECT_OBJC_ISA_USAGE = YES_ERROR;
				CLANG_WARN_DOCUMENTATION_COMMENTS = YES;
				CLANG_WARN_EMPTY_BODY = YES;
				CLANG_WARN_ENUM_CONVERSION = YES;
				CLANG_WARN_INFINITE_RECURSION = YES;
				CLANG_WARN_INT_CONVERSION = YES;
				CLANG_WARN_NON_LITERAL_NULL_CONVERSION = YES;
				CLANG_WARN_OBJC_LITERAL_CONVERSION = YES;
				CLANG_WARN_OBJC_ROOT_CLASS = YES_ERROR;
				CLANG_WARN_RANGE_LOOP_ANALYSIS = YES;
				CLANG_WARN_STRICT_PROTOTYPES = YES;
				CLANG_WARN_SUSPICIOUS_MOVE = YES;
				CLANG_WARN_UNGUARDED_AVAILABILITY = YES_AGGRESSIVE;
				CLANG_WARN_UNREACHABLE_CODE = YES;
				CLANG_WARN__DUPLICATE_METHOD_MATCH = YES;
				CODE_SIGN_IDENTITY = "iPhone Developer";
				COPY_PHASE_STRIP = NO;
				DEBUG_INFORMATION_FORMAT = dwarf;
				ENABLE_STRICT_OBJC_MSGSEND = YES;
				ENABLE_TESTABILITY = YES;
				GCC_C_LANGUAGE_STANDARD = gnu11;
				GCC_DYNAMIC_NO_PIC = NO;
				GCC_NO_COMMON_BLOCKS = YES;
				GCC_OPTIMIZATION_LEVEL = 0;
				GCC_PREPROCESSOR_DEFINITIONS = (
					"DEBUG=1",
					"$(inherited)",
				);
				GCC_WARN_64_TO_32_BIT_CONVERSION = YES;
				GCC_WARN_ABOUT_RETURN_TYPE = YES_ERROR;
				GCC_WARN_UNDECLARED_SELECTOR = YES;
				GCC_WARN_UNINITIALIZED_AUTOS = YES_AGGRESSIVE;
				GCC_WARN_UNUSED_FUNCTION = YES;
				GCC_WARN_UNUSED_VARIABLE = YES;
				IPHONEOS_DEPLOYMENT_TARGET = 11.2;
				MTL_ENABLE_DEBUG_INFO = YES;
				ONLY_ACTIVE_ARCH = YES;
				SDKROOT = iphoneos;
				SWIFT_ACTIVE_COMPILATION_CONDITIONS = DEBUG;
				SWIFT_OPTIMIZATION_LEVEL = "-Onone";
			};
			name = Debug;
		};
		3B08F23C205ADFB600028DFF /* Release */ = {
			isa = XCBuildConfiguration;
			buildSettings = {
				ALWAYS_SEARCH_USER_PATHS = NO;
				CLANG_ANALYZER_NONNULL = YES;
				CLANG_ANALYZER_NUMBER_OBJECT_CONVERSION = YES_AGGRESSIVE;
				CLANG_CXX_LANGUAGE_STANDARD = "gnu++14";
				CLANG_CXX_LIBRARY = "libc++";
				CLANG_ENABLE_MODULES = YES;
				CLANG_ENABLE_OBJC_ARC = YES;
				CLANG_WARN_BLOCK_CAPTURE_AUTORELEASING = YES;
				CLANG_WARN_BOOL_CONVERSION = YES;
				CLANG_WARN_COMMA = YES;
				CLANG_WARN_CONSTANT_CONVERSION = YES;
				CLANG_WARN_DIRECT_OBJC_ISA_USAGE = YES_ERROR;
				CLANG_WARN_DOCUMENTATION_COMMENTS = YES;
				CLANG_WARN_EMPTY_BODY = YES;
				CLANG_WARN_ENUM_CONVERSION = YES;
				CLANG_WARN_INFINITE_RECURSION = YES;
				CLANG_WARN_INT_CONVERSION = YES;
				CLANG_WARN_NON_LITERAL_NULL_CONVERSION = YES;
				CLANG_WARN_OBJC_LITERAL_CONVERSION = YES;
				CLANG_WARN_OBJC_ROOT_CLASS = YES_ERROR;
				CLANG_WARN_RANGE_LOOP_ANALYSIS = YES;
				CLANG_WARN_STRICT_PROTOTYPES = YES;
				CLANG_WARN_SUSPICIOUS_MOVE = YES;
				CLANG_WARN_UNGUARDED_AVAILABILITY = YES_AGGRESSIVE;
				CLANG_WARN_UNREACHABLE_CODE = YES;
				CLANG_WARN__DUPLICATE_METHOD_MATCH = YES;
				CODE_SIGN_IDENTITY = "iPhone Developer";
				COPY_PHASE_STRIP = NO;
				DEBUG_INFORMATION_FORMAT = "dwarf-with-dsym";
				ENABLE_NS_ASSERTIONS = NO;
				ENABLE_STRICT_OBJC_MSGSEND = YES;
				GCC_C_LANGUAGE_STANDARD = gnu11;
				GCC_NO_COMMON_BLOCKS = YES;
				GCC_WARN_64_TO_32_BIT_CONVERSION = YES;
				GCC_WARN_ABOUT_RETURN_TYPE = YES_ERROR;
				GCC_WARN_UNDECLARED_SELECTOR = YES;
				GCC_WARN_UNINITIALIZED_AUTOS = YES_AGGRESSIVE;
				GCC_WARN_UNUSED_FUNCTION = YES;
				GCC_WARN_UNUSED_VARIABLE = YES;
				IPHONEOS_DEPLOYMENT_TARGET = 11.2;
				MTL_ENABLE_DEBUG_INFO = NO;
				SDKROOT = iphoneos;
				SWIFT_OPTIMIZATION_LEVEL = "-Owholemodule";
				VALIDATE_PRODUCT = YES;
			};
			name = Release;
		};
		3B08F23E205ADFB600028DFF /* Debug */ = {
			isa = XCBuildConfiguration;
			buildSettings = {
				ASSETCATALOG_COMPILER_APPICON_NAME = AppIcon;
				CODE_SIGN_STYLE = Automatic;
				DEVELOPMENT_TEAM = MC2BEA2U5Y;
				INFOPLIST_FILE = "$(SRCROOT)/GiftGeine/Resources/Info.plist";
				LD_RUNPATH_SEARCH_PATHS = "$(inherited) @executable_path/Frameworks";
				PRODUCT_BUNDLE_IDENTIFIER = com.JfMetcalf.GiftGeine;
				PRODUCT_NAME = "$(TARGET_NAME)";
				SWIFT_VERSION = 4.0;
				TARGETED_DEVICE_FAMILY = "1,2";
			};
			name = Debug;
		};
		3B08F23F205ADFB600028DFF /* Release */ = {
			isa = XCBuildConfiguration;
			buildSettings = {
				ASSETCATALOG_COMPILER_APPICON_NAME = AppIcon;
				CODE_SIGN_STYLE = Automatic;
				DEVELOPMENT_TEAM = MC2BEA2U5Y;
				INFOPLIST_FILE = "$(SRCROOT)/GiftGeine/Resources/Info.plist";
				LD_RUNPATH_SEARCH_PATHS = "$(inherited) @executable_path/Frameworks";
				PRODUCT_BUNDLE_IDENTIFIER = com.JfMetcalf.GiftGeine;
				PRODUCT_NAME = "$(TARGET_NAME)";
				SWIFT_VERSION = 4.0;
				TARGETED_DEVICE_FAMILY = "1,2";
			};
			name = Release;
		};
/* End XCBuildConfiguration section */

/* Begin XCConfigurationList section */
		3B08F226205ADFB500028DFF /* Build configuration list for PBXProject "GiftGeine" */ = {
			isa = XCConfigurationList;
			buildConfigurations = (
				3B08F23B205ADFB600028DFF /* Debug */,
				3B08F23C205ADFB600028DFF /* Release */,
			);
			defaultConfigurationIsVisible = 0;
			defaultConfigurationName = Release;
		};
		3B08F23D205ADFB600028DFF /* Build configuration list for PBXNativeTarget "GiftGeine" */ = {
			isa = XCConfigurationList;
			buildConfigurations = (
				3B08F23E205ADFB600028DFF /* Debug */,
				3B08F23F205ADFB600028DFF /* Release */,
			);
			defaultConfigurationIsVisible = 0;
			defaultConfigurationName = Release;
		};
/* End XCConfigurationList section */
	};
	rootObject = 3B08F223205ADFB500028DFF /* Project object */;
}
